
Microsoft Visual Studio Solution File, Format Version 12.00
# Visual Studio Version 17
VisualStudioVersion = 17.13.35931.197 d17.13
MinimumVisualStudioVersion = 10.0.40219.1
Project("{FAE04EC0-301F-11D3-BF4B-00C04F79EFBC}") = "8.1.1 problema intro", "8.1.1 problema intro.csproj", "{B9E1ECCD-7BEE-4DD0-ABF2-FF9E5D8E1504}"
EndProject
Project("{FAE04EC0-301F-11D3-BF4B-00C04F79EFBC}") = "8.1. 2 mensualidad", "..\mensualidad_ej_2\8.1. 2 mensualidad.csproj", "{A2D9FAF8-C84C-439D-8C60-7BC8C02D6BD1}"
EndProject
Project("{FAE04EC0-301F-11D3-BF4B-00C04F79EFBC}") = "8. 1. 3 lista ordenada", "..\8. 1. 3 lista ordenada\8. 1. 3 lista ordenada.csproj", "{BE067D6E-63E6-410B-A08C-3897E02D85A5}"
EndProject
Global
	GlobalSection(SolutionConfigurationPlatforms) = preSolution
		Debug|Any CPU = Debug|Any CPU
		Release|Any CPU = Release|Any CPU
	EndGlobalSection
	GlobalSection(ProjectConfigurationPlatforms) = postSolution
		{B9E1ECCD-7BEE-4DD0-ABF2-FF9E5D8E1504}.Debug|Any CPU.ActiveCfg = Debug|Any CPU
		{B9E1ECCD-7BEE-4DD0-ABF2-FF9E5D8E1504}.Debug|Any CPU.Build.0 = Debug|Any CPU
		{B9E1ECCD-7BEE-4DD0-ABF2-FF9E5D8E1504}.Release|Any CPU.ActiveCfg = Release|Any CPU
		{B9E1ECCD-7BEE-4DD0-ABF2-FF9E5D8E1504}.Release|Any CPU.Build.0 = Release|Any CPU
		{A2D9FAF8-C84C-439D-8C60-7BC8C02D6BD1}.Debug|Any CPU.ActiveCfg = Debug|Any CPU
		{A2D9FAF8-C84C-439D-8C60-7BC8C02D6BD1}.Debug|Any CPU.Build.0 = Debug|Any CPU
		{A2D9FAF8-C84C-439D-8C60-7BC8C02D6BD1}.Release|Any CPU.ActiveCfg = Release|Any CPU
		{A2D9FAF8-C84C-439D-8C60-7BC8C02D6BD1}.Release|Any CPU.Build.0 = Release|Any CPU
		{BE067D6E-63E6-410B-A08C-3897E02D85A5}.Debug|Any CPU.ActiveCfg = Debug|Any CPU
		{BE067D6E-63E6-410B-A08C-3897E02D85A5}.Debug|Any CPU.Build.0 = Debug|Any CPU
		{BE067D6E-63E6-410B-A08C-3897E02D85A5}.Release|Any CPU.ActiveCfg = Release|Any CPU
		{BE067D6E-63E6-410B-A08C-3897E02D85A5}.Release|Any CPU.Build.0 = Release|Any CPU
	EndGlobalSection
	GlobalSection(SolutionProperties) = preSolution
		HideSolutionNode = FALSE
	EndGlobalSection
	GlobalSection(ExtensibilityGlobals) = postSolution
		SolutionGuid = {5B726970-E500-4B81-A8A3-572DA41B9F2B}
	EndGlobalSection
EndGlobal
